{
    "name": "nodejs-ci-cd-demo",
    "version": "1.0.0",
    "lockfileVersion": 3,
    "requires": true,
    "packages": {
        "": {
            "name": "nodejs-ci-cd-demo",
            "version": "1.0.0",
            "dependencies": {
                "nodejs-ci-cd-demo": "file:"
            },
            "engines": {
                "node": ">=14"
            }
        },
        "node_modules/nodejs-ci-cd-demo": {
            "resolved": "",
            "link": true
        }
    }
}
